// !$*UTF8*$!
{
	archiveVersion = 1;
	classes = {
	};
	objectVersion = 77;
	objects = {

/* Begin PBXContainerItemProxy section */
		87BFE7302D293C8B004FF9BC /* PBXContainerItemProxy */ = {
			isa = PBXContainerItemProxy;
			containerPortal = 87BFE7172D293C89004FF9BC /* Project object */;
			proxyType = 1;
			remoteGlobalIDString = 87BFE71E2D293C89004FF9BC;
			remoteInfo = AlbumExporter;
		};
		87BFE73A2D293C8B004FF9BC /* PBXContainerItemProxy */ = {
			isa = PBXContainerItemProxy;
			containerPortal = 87BFE7172D293C89004FF9BC /* Project object */;
			proxyType = 1;
			remoteGlobalIDString = 87BFE71E2D293C89004FF9BC;
			remoteInfo = AlbumExporter;
		};
/* End PBXContainerItemProxy section */

/* Begin PBXCopyFilesBuildPhase section */
		874610722D4350680046844F /* Embed Foundation Extensions */ = {
			isa = PBXCopyFilesBuildPhase;
			buildActionMask = 2147483647;
			dstPath = "";
			dstSubfolderSpec = 13;
			files = (
			);
			name = "Embed Foundation Extensions";
			runOnlyForDeploymentPostprocessing = 0;
		};
/* End PBXCopyFilesBuildPhase section */

/* Begin PBXFileReference section */
		874610602D4350680046844F /* PhotosUI.framework */ = {isa = PBXFileReference; lastKnownFileType = wrapper.framework; name = PhotosUI.framework; path = System/Library/Frameworks/PhotosUI.framework; sourceTree = SDKROOT; };
		874610622D4350680046844F /* Photos.framework */ = {isa = PBXFileReference; lastKnownFileType = wrapper.framework; name = Photos.framework; path = System/Library/Frameworks/Photos.framework; sourceTree = SDKROOT; };
		87BFE71F2D293C89004FF9BC /* AlbumExporter.app */ = {isa = PBXFileReference; explicitFileType = wrapper.application; includeInIndex = 0; path = AlbumExporter.app; sourceTree = BUILT_PRODUCTS_DIR; };
		87BFE72F2D293C8B004FF9BC /* AlbumExporterTests.xctest */ = {isa = PBXFileReference; explicitFileType = wrapper.cfbundle; includeInIndex = 0; path = AlbumExporterTests.xctest; sourceTree = BUILT_PRODUCTS_DIR; };
		87BFE7392D293C8B004FF9BC /* AlbumExporterUITests.xctest */ = {isa = PBXFileReference; explicitFileType = wrapper.cfbundle; includeInIndex = 0; path = AlbumExporterUITests.xctest; sourceTree = BUILT_PRODUCTS_DIR; };
/* End PBXFileReference section */

/* Begin PBXFileSystemSynchronizedRootGroup section */
		87BFE7212D293C89004FF9BC /* AlbumExporter */ = {
			isa = PBXFileSystemSynchronizedRootGroup;
			path = AlbumExporter;
			sourceTree = "<group>";
		};
		87BFE7322D293C8B004FF9BC /* AlbumExporterTests */ = {
			isa = PBXFileSystemSynchronizedRootGroup;
			path = AlbumExporterTests;
			sourceTree = "<group>";
		};
		87BFE73C2D293C8B004FF9BC /* AlbumExporterUITests */ = {
			isa = PBXFileSystemSynchronizedRootGroup;
			path = AlbumExporterUITests;
			sourceTree = "<group>";
		};
/* End PBXFileSystemSynchronizedRootGroup section */

/* Begin PBXFrameworksBuildPhase section */
		87BFE71C2D293C89004FF9BC /* Frameworks */ = {
			isa = PBXFrameworksBuildPhase;
			buildActionMask = 2147483647;
			files = (
			);
			runOnlyForDeploymentPostprocessing = 0;
		};
		87BFE72C2D293C8B004FF9BC /* Frameworks */ = {
			isa = PBXFrameworksBuildPhase;
			buildActionMask = 2147483647;
			files = (
			);
			runOnlyForDeploymentPostprocessing = 0;
		};
		87BFE7362D293C8B004FF9BC /* Frameworks */ = {
			isa = PBXFrameworksBuildPhase;
			buildActionMask = 2147483647;
			files = (
			);
			runOnlyForDeploymentPostprocessing = 0;
		};
/* End PBXFrameworksBuildPhase section */

/* Begin PBXGroup section */
		8746105F2D4350680046844F /* Frameworks */ = {
			isa = PBXGroup;
			children = (
				874610602D4350680046844F /* PhotosUI.framework */,
				874610622D4350680046844F /* Photos.framework */,
			);
			name = Frameworks;
			sourceTree = "<group>";
		};
		87BFE7162D293C89004FF9BC = {
			isa = PBXGroup;
			children = (
				87BFE7212D293C89004FF9BC /* AlbumExporter */,
				87BFE7322D293C8B004FF9BC /* AlbumExporterTests */,
				87BFE73C2D293C8B004FF9BC /* AlbumExporterUITests */,
				8746105F2D4350680046844F /* Frameworks */,
				87BFE7202D293C89004FF9BC /* Products */,
			);
			sourceTree = "<group>";
		};
		87BFE7202D293C89004FF9BC /* Products */ = {
			isa = PBXGroup;
			children = (
				87BFE71F2D293C89004FF9BC /* AlbumExporter.app */,
				87BFE72F2D293C8B004FF9BC /* AlbumExporterTests.xctest */,
				87BFE7392D293C8B004FF9BC /* AlbumExporterUITests.xctest */,
			);
			name = Products;
			sourceTree = "<group>";
		};
/* End PBXGroup section */

/* Begin PBXNativeTarget section */
		87BFE71E2D293C89004FF9BC /* AlbumExporter */ = {
			isa = PBXNativeTarget;
			buildConfigurationList = 87BFE7432D293C8B004FF9BC /* Build configuration list for PBXNativeTarget "AlbumExporter" */;
			buildPhases = (
				87BFE71B2D293C89004FF9BC /* Sources */,
				87BFE71C2D293C89004FF9BC /* Frameworks */,
				87BFE71D2D293C89004FF9BC /* Resources */,
				874610722D4350680046844F /* Embed Foundation Extensions */,
			);
			buildRules = (
			);
			dependencies = (
			);
			fileSystemSynchronizedGroups = (
				87BFE7212D293C89004FF9BC /* AlbumExporter */,
			);
			name = AlbumExporter;
			packageProductDependencies = (
			);
			productName = AlbumExporter;
			productReference = 87BFE71F2D293C89004FF9BC /* AlbumExporter.app */;
			productType = "com.apple.product-type.application";
		};
		87BFE72E2D293C8B004FF9BC /* AlbumExporterTests */ = {
			isa = PBXNativeTarget;
			buildConfigurationList = 87BFE7462D293C8B004FF9BC /* Build configuration list for PBXNativeTarget "AlbumExporterTests" */;
			buildPhases = (
				87BFE72B2D293C8B004FF9BC /* Sources */,
				87BFE72C2D293C8B004FF9BC /* Frameworks */,
				87BFE72D2D293C8B004FF9BC /* Resources */,
			);
			buildRules = (
			);
			dependencies = (
				87BFE7312D293C8B004FF9BC /* PBXTargetDependency */,
			);
			fileSystemSynchronizedGroups = (
				87BFE7322D293C8B004FF9BC /* AlbumExporterTests */,
			);
			name = AlbumExporterTests;
			packageProductDependencies = (
			);
			productName = AlbumExporterTests;
			productReference = 87BFE72F2D293C8B004FF9BC /* AlbumExporterTests.xctest */;
			productType = "com.apple.product-type.bundle.unit-test";
		};
		87BFE7382D293C8B004FF9BC /* AlbumExporterUITests */ = {
			isa = PBXNativeTarget;
			buildConfigurationList = 87BFE7492D293C8B004FF9BC /* Build configuration list for PBXNativeTarget "AlbumExporterUITests" */;
			buildPhases = (
				87BFE7352D293C8B004FF9BC /* Sources */,
				87BFE7362D293C8B004FF9BC /* Frameworks */,
				87BFE7372D293C8B004FF9BC /* Resources */,
			);
			buildRules = (
			);
			dependencies = (
				87BFE73B2D293C8B004FF9BC /* PBXTargetDependency */,
			);
			fileSystemSynchronizedGroups = (
				87BFE73C2D293C8B004FF9BC /* AlbumExporterUITests */,
			);
			name = AlbumExporterUITests;
			packageProductDependencies = (
			);
			productName = AlbumExporterUITests;
			productReference = 87BFE7392D293C8B004FF9BC /* AlbumExporterUITests.xctest */;
			productType = "com.apple.product-type.bundle.ui-testing";
		};
/* End PBXNativeTarget section */

/* Begin PBXProject section */
		87BFE7172D293C89004FF9BC /* Project object */ = {
			isa = PBXProject;
			attributes = {
				BuildIndependentTargetsInParallel = 1;
				LastSwiftUpdateCheck = 1620;
				LastUpgradeCheck = 1620;
				TargetAttributes = {
					87BFE71E2D293C89004FF9BC = {
						CreatedOnToolsVersion = 16.2;
					};
					87BFE72E2D293C8B004FF9BC = {
						CreatedOnToolsVersion = 16.2;
						TestTargetID = 87BFE71E2D293C89004FF9BC;
					};
					87BFE7382D293C8B004FF9BC = {
						CreatedOnToolsVersion = 16.2;
						TestTargetID = 87BFE71E2D293C89004FF9BC;
					};
				};
			};
			buildConfigurationList = 87BFE71A2D293C89004FF9BC /* Build configuration list for PBXProject "AlbumExporter" */;
			developmentRegion = en;
			hasScannedForEncodings = 0;
			knownRegions = (
				en,
				Base,
			);
			mainGroup = 87BFE7162D293C89004FF9BC;
			minimizedProjectReferenceProxies = 1;
			preferredProjectObjectVersion = 77;
			productRefGroup = 87BFE7202D293C89004FF9BC /* Products */;
			projectDirPath = "";
			projectRoot = "";
			targets = (
				87BFE71E2D293C89004FF9BC /* AlbumExporter */,
				87BFE72E2D293C8B004FF9BC /* AlbumExporterTests */,
				87BFE7382D293C8B004FF9BC /* AlbumExporterUITests */,
			);
		};
/* End PBXProject section */

/* Begin PBXResourcesBuildPhase section */
		87BFE71D2D293C89004FF9BC /* Resources */ = {
			isa = PBXResourcesBuildPhase;
			buildActionMask = 2147483647;
			files = (
			);
			runOnlyForDeploymentPostprocessing = 0;
		};
		87BFE72D2D293C8B004FF9BC /* Resources */ = {
			isa = PBXResourcesBuildPhase;
			buildActionMask = 2147483647;
			files = (
			);
			runOnlyForDeploymentPostprocessing = 0;
		};
		87BFE7372D293C8B004FF9BC /* Resources */ = {
			isa = PBXResourcesBuildPhase;
			buildActionMask = 2147483647;
			files = (
			);
			runOnlyForDeploymentPostprocessing = 0;
		};
/* End PBXResourcesBuildPhase section */

/* Begin PBXSourcesBuildPhase section */
		87BFE71B2D293C89004FF9BC /* Sources */ = {
			isa = PBXSourcesBuildPhase;
			buildActionMask = 2147483647;
			files = (
			);
			runOnlyForDeploymentPostprocessing = 0;
		};
		87BFE72B2D293C8B004FF9BC /* Sources */ = {
			isa = PBXSourcesBuildPhase;
			buildActionMask = 2147483647;
			files = (
			);
			runOnlyForDeploymentPostprocessing = 0;
		};
		87BFE7352D293C8B004FF9BC /* Sources */ = {
			isa = PBXSourcesBuildPhase;
			buildActionMask = 2147483647;
			files = (
			);
			runOnlyForDeploymentPostprocessing = 0;
		};
/* End PBXSourcesBuildPhase section */

/* Begin PBXTargetDependency section */
		87BFE7312D293C8B004FF9BC /* PBXTargetDependency */ = {
			isa = PBXTargetDependency;
			target = 87BFE71E2D293C89004FF9BC /* AlbumExporter */;
			targetProxy = 87BFE7302D293C8B004FF9BC /* PBXContainerItemProxy */;
		};
		87BFE73B2D293C8B004FF9BC /* PBXTargetDependency */ = {
			isa = PBXTargetDependency;
			target = 87BFE71E2D293C89004FF9BC /* AlbumExporter */;
			targetProxy = 87BFE73A2D293C8B004FF9BC /* PBXContainerItemProxy */;
		};
/* End PBXTargetDependency section */

/* Begin XCBuildConfiguration section */
		87BFE7412D293C8B004FF9BC /* Debug */ = {
			isa = XCBuildConfiguration;
			buildSettings = {
				ALWAYS_SEARCH_USER_PATHS = NO;
				ASSETCATALOG_COMPILER_GENERATE_SWIFT_ASSET_SYMBOL_EXTENSIONS = YES;
				CLANG_ANALYZER_NONNULL = YES;
				CLANG_ANALYZER_NUMBER_OBJECT_CONVERSION = YES_AGGRESSIVE;
				CLANG_CXX_LANGUAGE_STANDARD = "gnu++20";
				CLANG_ENABLE_MODULES = YES;
				CLANG_ENABLE_OBJC_ARC = YES;
				CLANG_ENABLE_OBJC_WEAK = YES;
				CLANG_WARN_BLOCK_CAPTURE_AUTORELEASING = YES;
				CLANG_WARN_BOOL_CONVERSION = YES;
				CLANG_WARN_COMMA = YES;
				CLANG_WARN_CONSTANT_CONVERSION = YES;
				CLANG_WARN_DEPRECATED_OBJC_IMPLEMENTATIONS = YES;
				CLANG_WARN_DIRECT_OBJC_ISA_USAGE = YES_ERROR;
				CLANG_WARN_DOCUMENTATION_COMMENTS = YES;
				CLANG_WARN_EMPTY_BODY = YES;
				CLANG_WARN_ENUM_CONVERSION = YES;
				CLANG_WARN_INFINITE_RECURSION = YES;
				CLANG_WARN_INT_CONVERSION = YES;
				CLANG_WARN_NON_LITERAL_NULL_CONVERSION = YES;
				CLANG_WARN_OBJC_IMPLICIT_RETAIN_SELF = YES;
				CLANG_WARN_OBJC_LITERAL_CONVERSION = YES;
				CLANG_WARN_OBJC_ROOT_CLASS = YES_ERROR;
				CLANG_WARN_QUOTED_INCLUDE_IN_FRAMEWORK_HEADER = YES;
				CLANG_WARN_RANGE_LOOP_ANALYSIS = YES;
				CLANG_WARN_STRICT_PROTOTYPES = YES;
				CLANG_WARN_SUSPICIOUS_MOVE = YES;
				CLANG_WARN_UNGUARDED_AVAILABILITY = YES_AGGRESSIVE;
				CLANG_WARN_UNREACHABLE_CODE = YES;
				CLANG_WARN__DUPLICATE_METHOD_MATCH = YES;
				COPY_PHASE_STRIP = NO;
				DEBUG_INFORMATION_FORMAT = dwarf;
				ENABLE_STRICT_OBJC_MSGSEND = YES;
				ENABLE_TESTABILITY = YES;
				ENABLE_USER_SCRIPT_SANDBOXING = YES;
				GCC_C_LANGUAGE_STANDARD = gnu17;
				GCC_DYNAMIC_NO_PIC = NO;
				GCC_NO_COMMON_BLOCKS = YES;
				GCC_OPTIMIZATION_LEVEL = 0;
				GCC_PREPROCESSOR_DEFINITIONS = (
					"DEBUG=1",
					"$(inherited)",
				);
				GCC_WARN_64_TO_32_BIT_CONVERSION = YES;
				GCC_WARN_ABOUT_RETURN_TYPE = YES_ERROR;
				GCC_WARN_UNDECLARED_SELECTOR = YES;
				GCC_WARN_UNINITIALIZED_AUTOS = YES_AGGRESSIVE;
				GCC_WARN_UNUSED_FUNCTION = YES;
				GCC_WARN_UNUSED_VARIABLE = YES;
				IPHONEOS_DEPLOYMENT_TARGET = 18.2;
				LOCALIZATION_PREFERS_STRING_CATALOGS = YES;
				MTL_ENABLE_DEBUG_INFO = INCLUDE_SOURCE;
				MTL_FAST_MATH = YES;
				ONLY_ACTIVE_ARCH = YES;
				SDKROOT = iphoneos;
				SWIFT_ACTIVE_COMPILATION_CONDITIONS = "DEBUG $(inherited)";
				SWIFT_OPTIMIZATION_LEVEL = "-Onone";
			};
			name = Debug;
		};
		87BFE7422D293C8B004FF9BC /* Release */ = {
			isa = XCBuildConfiguration;
			buildSettings = {
				ALWAYS_SEARCH_USER_PATHS = NO;
				ASSETCATALOG_COMPILER_GENERATE_SWIFT_ASSET_SYMBOL_EXTENSIONS = YES;
				CLANG_ANALYZER_NONNULL = YES;
				CLANG_ANALYZER_NUMBER_OBJECT_CONVERSION = YES_AGGRESSIVE;
				CLANG_CXX_LANGUAGE_STANDARD = "gnu++20";
				CLANG_ENABLE_MODULES = YES;
				CLANG_ENABLE_OBJC_ARC = YES;
				CLANG_ENABLE_OBJC_WEAK = YES;
				CLANG_WARN_BLOCK_CAPTURE_AUTORELEASING = YES;
				CLANG_WARN_BOOL_CONVERSION = YES;
				CLANG_WARN_COMMA = YES;
				CLANG_WARN_CONSTANT_CONVERSION = YES;
				CLANG_WARN_DEPRECATED_OBJC_IMPLEMENTATIONS = YES;
				CLANG_WARN_DIRECT_OBJC_ISA_USAGE = YES_ERROR;
				CLANG_WARN_DOCUMENTATION_COMMENTS = YES;
				CLANG_WARN_EMPTY_BODY = YES;
				CLANG_WARN_ENUM_CONVERSION = YES;
				CLANG_WARN_INFINITE_RECURSION = YES;
				CLANG_WARN_INT_CONVERSION = YES;
				CLANG_WARN_NON_LITERAL_NULL_CONVERSION = YES;
				CLANG_WARN_OBJC_IMPLICIT_RETAIN_SELF = YES;
				CLANG_WARN_OBJC_LITERAL_CONVERSION = YES;
				CLANG_WARN_OBJC_ROOT_CLASS = YES_ERROR;
				CLANG_WARN_QUOTED_INCLUDE_IN_FRAMEWORK_HEADER = YES;
				CLANG_WARN_RANGE_LOOP_ANALYSIS = YES;
				CLANG_WARN_STRICT_PROTOTYPES = YES;
				CLANG_WARN_SUSPICIOUS_MOVE = YES;
				CLANG_WARN_UNGUARDED_AVAILABILITY = YES_AGGRESSIVE;
				CLANG_WARN_UNREACHABLE_CODE = YES;
				CLANG_WARN__DUPLICATE_METHOD_MATCH = YES;
				COPY_PHASE_STRIP = NO;
				DEBUG_INFORMATION_FORMAT = "dwarf-with-dsym";
				ENABLE_NS_ASSERTIONS = NO;
				ENABLE_STRICT_OBJC_MSGSEND = YES;
				ENABLE_USER_SCRIPT_SANDBOXING = YES;
				GCC_C_LANGUAGE_STANDARD = gnu17;
				GCC_NO_COMMON_BLOCKS = YES;
				GCC_WARN_64_TO_32_BIT_CONVERSION = YES;
				GCC_WARN_ABOUT_RETURN_TYPE = YES_ERROR;
				GCC_WARN_UNDECLARED_SELECTOR = YES;
				GCC_WARN_UNINITIALIZED_AUTOS = YES_AGGRESSIVE;
				GCC_WARN_UNUSED_FUNCTION = YES;
				GCC_WARN_UNUSED_VARIABLE = YES;
				IPHONEOS_DEPLOYMENT_TARGET = 18.2;
				LOCALIZATION_PREFERS_STRING_CATALOGS = YES;
				MTL_ENABLE_DEBUG_INFO = NO;
				MTL_FAST_MATH = YES;
				SDKROOT = iphoneos;
				SWIFT_COMPILATION_MODE = wholemodule;
				VALIDATE_PRODUCT = YES;
			};
			name = Release;
		};
		87BFE7442D293C8B004FF9BC /* Debug */ = {
			isa = XCBuildConfiguration;
			buildSettings = {
				ASSETCATALOG_COMPILER_APPICON_NAME = AppIcon;
				ASSETCATALOG_COMPILER_GLOBAL_ACCENT_COLOR_NAME = AccentColor;
				CODE_SIGN_STYLE = Automatic;
				CURRENT_PROJECT_VERSION = 1;
				DEVELOPMENT_ASSET_PATHS = "\"AlbumExporter/Preview Content\"";
				DEVELOPMENT_TEAM = X46TTSF55V;
				ENABLE_PREVIEWS = YES;
				GENERATE_INFOPLIST_FILE = YES;
				INFOPLIST_KEY_NSPhotoLibraryAddUsageDescription = "哈哈";
				INFOPLIST_KEY_NSPhotoLibraryUsageDescription = "嗨，我需要你的相簿";
				INFOPLIST_KEY_UIApplicationSceneManifest_Generation = YES;
				INFOPLIST_KEY_UIApplicationSupportsIndirectInputEvents = YES;
				INFOPLIST_KEY_UILaunchScreen_Generation = YES;
				INFOPLIST_KEY_UISupportedInterfaceOrientations_iPad = "UIInterfaceOrientationPortrait UIInterfaceOrientationPortraitUpsideDown UIInterfaceOrientationLandscapeLeft UIInterfaceOrientationLandscapeRight";
				INFOPLIST_KEY_UISupportedInterfaceOrientations_iPhone = "UIInterfaceOrientationPortrait UIInterfaceOrientationLandscapeLeft UIInterfaceOrientationLandscapeRight";
				LD_RUNPATH_SEARCH_PATHS = (
					"$(inherited)",
					"@executable_path/Frameworks",
				);
				MARKETING_VERSION = 1.0;
				PRODUCT_BUNDLE_IDENTIFIER = lanznx.AlbumExporter;
				PRODUCT_NAME = "$(TARGET_NAME)";
				SWIFT_EMIT_LOC_STRINGS = YES;
				SWIFT_VERSION = 5.0;
				TARGETED_DEVICE_FAMILY = "1,2";
			};
			name = Debug;
		};
		87BFE7452D293C8B004FF9BC /* Release */ = {
			isa = XCBuildConfiguration;
			buildSettings = {
				ASSETCATALOG_COMPILER_APPICON_NAME = AppIcon;
				ASSETCATALOG_COMPILER_GLOBAL_ACCENT_COLOR_NAME = AccentColor;
				CODE_SIGN_STYLE = Automatic;
				CURRENT_PROJECT_VERSION = 1;
				DEVELOPMENT_ASSET_PATHS = "\"AlbumExporter/Preview Content\"";
				DEVELOPMENT_TEAM = X46TTSF55V;
				ENABLE_PREVIEWS = YES;
				GENERATE_INFOPLIST_FILE = YES;
				INFOPLIST_KEY_NSPhotoLibraryAddUsageDescription = "哈哈";
				INFOPLIST_KEY_NSPhotoLibraryUsageDescription = "嗨，我需要你的相簿";
				INFOPLIST_KEY_UIApplicationSceneManifest_Generation = YES;
				INFOPLIST_KEY_UIApplicationSupportsIndirectInputEvents = YES;
				INFOPLIST_KEY_UILaunchScreen_Generation = YES;
				INFOPLIST_KEY_UISupportedInterfaceOrientations_iPad = "UIInterfaceOrientationPortrait UIInterfaceOrientationPortraitUpsideDown UIInterfaceOrientationLandscapeLeft UIInterfaceOrientationLandscapeRight";
				INFOPLIST_KEY_UISupportedInterfaceOrientations_iPhone = "UIInterfaceOrientationPortrait UIInterfaceOrientationLandscapeLeft UIInterfaceOrientationLandscapeRight";
				LD_RUNPATH_SEARCH_PATHS = (
					"$(inherited)",
					"@executable_path/Frameworks",
				);
				MARKETING_VERSION = 1.0;
				PRODUCT_BUNDLE_IDENTIFIER = lanznx.AlbumExporter;
				PRODUCT_NAME = "$(TARGET_NAME)";
				SWIFT_EMIT_LOC_STRINGS = YES;
				SWIFT_VERSION = 5.0;
				TARGETED_DEVICE_FAMILY = "1,2";
			};
			name = Release;
		};
		87BFE7472D293C8B004FF9BC /* Debug */ = {
			isa = XCBuildConfiguration;
			buildSettings = {
				BUNDLE_LOADER = "$(TEST_HOST)";
				CODE_SIGN_STYLE = Automatic;
				CURRENT_PROJECT_VERSION = 1;
				DEVELOPMENT_TEAM = X46TTSF55V;
				GENERATE_INFOPLIST_FILE = YES;
				IPHONEOS_DEPLOYMENT_TARGET = 18.2;
				MARKETING_VERSION = 1.0;
				PRODUCT_BUNDLE_IDENTIFIER = lanznx.AlbumExporterTests;
				PRODUCT_NAME = "$(TARGET_NAME)";
				SWIFT_EMIT_LOC_STRINGS = NO;
				SWIFT_VERSION = 5.0;
				TARGETED_DEVICE_FAMILY = "1,2";
				TEST_HOST = "$(BUILT_PRODUCTS_DIR)/AlbumExporter.app/$(BUNDLE_EXECUTABLE_FOLDER_PATH)/AlbumExporter";
			};
			name = Debug;
		};
		87BFE7482D293C8B004FF9BC /* Release */ = {
			isa = XCBuildConfiguration;
			buildSettings = {
				BUNDLE_LOADER = "$(TEST_HOST)";
				CODE_SIGN_STYLE = Automatic;
				CURRENT_PROJECT_VERSION = 1;
				DEVELOPMENT_TEAM = X46TTSF55V;
				GENERATE_INFOPLIST_FILE = YES;
				IPHONEOS_DEPLOYMENT_TARGET = 18.2;
				MARKETING_VERSION = 1.0;
				PRODUCT_BUNDLE_IDENTIFIER = lanznx.AlbumExporterTests;
				PRODUCT_NAME = "$(TARGET_NAME)";
				SWIFT_EMIT_LOC_STRINGS = NO;
				SWIFT_VERSION = 5.0;
				TARGETED_DEVICE_FAMILY = "1,2";
				TEST_HOST = "$(BUILT_PRODUCTS_DIR)/AlbumExporter.app/$(BUNDLE_EXECUTABLE_FOLDER_PATH)/AlbumExporter";
			};
			name = Release;
		};
		87BFE74A2D293C8B004FF9BC /* Debug */ = {
			isa = XCBuildConfiguration;
			buildSettings = {
				CODE_SIGN_STYLE = Automatic;
				CURRENT_PROJECT_VERSION = 1;
				DEVELOPMENT_TEAM = X46TTSF55V;
				GENERATE_INFOPLIST_FILE = YES;
				MARKETING_VERSION = 1.0;
				PRODUCT_BUNDLE_IDENTIFIER = lanznx.AlbumExporterUITests;
				PRODUCT_NAME = "$(TARGET_NAME)";
				SWIFT_EMIT_LOC_STRINGS = NO;
				SWIFT_VERSION = 5.0;
				TARGETED_DEVICE_FAMILY = "1,2";
				TEST_TARGET_NAME = AlbumExporter;
			};
			name = Debug;
		};
		87BFE74B2D293C8B004FF9BC /* Release */ = {
			isa = XCBuildConfiguration;
			buildSettings = {
				CODE_SIGN_STYLE = Automatic;
				CURRENT_PROJECT_VERSION = 1;
				DEVELOPMENT_TEAM = X46TTSF55V;
				GENERATE_INFOPLIST_FILE = YES;
				MARKETING_VERSION = 1.0;
				PRODUCT_BUNDLE_IDENTIFIER = lanznx.AlbumExporterUITests;
				PRODUCT_NAME = "$(TARGET_NAME)";
				SWIFT_EMIT_LOC_STRINGS = NO;
				SWIFT_VERSION = 5.0;
				TARGETED_DEVICE_FAMILY = "1,2";
				TEST_TARGET_NAME = AlbumExporter;
			};
			name = Release;
		};
/* End XCBuildConfiguration section */

/* Begin XCConfigurationList section */
		87BFE71A2D293C89004FF9BC /* Build configuration list for PBXProject "AlbumExporter" */ = {
			isa = XCConfigurationList;
			buildConfigurations = (
				87BFE7412D293C8B004FF9BC /* Debug */,
				87BFE7422D293C8B004FF9BC /* Release */,
			);
			defaultConfigurationIsVisible = 0;
			defaultConfigurationName = Release;
		};
		87BFE7432D293C8B004FF9BC /* Build configuration list for PBXNativeTarget "AlbumExporter" */ = {
			isa = XCConfigurationList;
			buildConfigurations = (
				87BFE7442D293C8B004FF9BC /* Debug */,
				87BFE7452D293C8B004FF9BC /* Release */,
			);
			defaultConfigurationIsVisible = 0;
			defaultConfigurationName = Release;
		};
		87BFE7462D293C8B004FF9BC /* Build configuration list for PBXNativeTarget "AlbumExporterTests" */ = {
			isa = XCConfigurationList;
			buildConfigurations = (
				87BFE7472D293C8B004FF9BC /* Debug */,
				87BFE7482D293C8B004FF9BC /* Release */,
			);
			defaultConfigurationIsVisible = 0;
			defaultConfigurationName = Release;
		};
		87BFE7492D293C8B004FF9BC /* Build configuration list for PBXNativeTarget "AlbumExporterUITests" */ = {
			isa = XCConfigurationList;
			buildConfigurations = (
				87BFE74A2D293C8B004FF9BC /* Debug */,
				87BFE74B2D293C8B004FF9BC /* Release */,
			);
			defaultConfigurationIsVisible = 0;
			defaultConfigurationName = Release;
		};
/* End XCConfigurationList section */
	};
	rootObject = 87BFE7172D293C89004FF9BC /* Project object */;
}
